{
  "name": "tello",
  "version": "1.0.0",
  "lockfileVersion": 2,
  "requires": true,
  "packages": {
    "": {
      "version": "1.0.0",
      "license": "ISC",
      "dependencies": {
        "typescript": "^4.2.4"
      },
      "devDependencies": {
        "@types/node": "^14.14.37",
        "waait": "^1.0.5"
      }
    },
    "node_modules/@types/node": {
      "version": "14.14.37",
      "resolved": "https://registry.npmjs.org/@types/node/-/node-14.14.37.tgz",
      "integrity": "sha512-XYmBiy+ohOR4Lh5jE379fV2IU+6Jn4g5qASinhitfyO71b/sCo6MKsMLF5tc7Zf2CE8hViVQyYSobJNke8OvUw==",
      "dev": true
    },
    "node_modules/typescript": {
      "version": "4.2.4",
      "resolved": "https://registry.npmjs.org/typescript/-/typescript-4.2.4.tgz",
      "integrity": "sha512-V+evlYHZnQkaz8TRBuxTA92yZBPotr5H+WhQ7bD3hZUndx5tGOa1fuCgeSjxAzM1RiN5IzvadIXTVefuuwZCRg==",
      "bin": {
        "tsc": "bin/tsc",
        "tsserver": "bin/tsserver"
      },
      "engines": {
        "node": ">=4.2.0"
      }
    },
    "node_modules/waait": {
      "version": "1.0.5",
      "resolved": "https://registry.npmjs.org/waait/-/waait-1.0.5.tgz",
      "integrity": "sha512-wp+unA4CpqxvBUKHHv8D86fK4jWByHAWyhEXXVHfVUZfK+16ylpj7hjQ58Z8j9ntu8XNukRQT8Fi5qbyJ8rkyw==",
      "dev": true
    }
  },
  "dependencies": {
    "@types/node": {
      "version": "14.14.37",
      "resolved": "https://registry.npmjs.org/@types/node/-/node-14.14.37.tgz",
      "integrity": "sha512-XYmBiy+ohOR4Lh5jE379fV2IU+6Jn4g5qASinhitfyO71b/sCo6MKsMLF5tc7Zf2CE8hViVQyYSobJNke8OvUw==",
      "dev": true
    },
    "typescript": {
      "version": "4.2.4",
      "resolved": "https://registry.npmjs.org/typescript/-/typescript-4.2.4.tgz",
      "integrity": "sha512-V+evlYHZnQkaz8TRBuxTA92yZBPotr5H+WhQ7bD3hZUndx5tGOa1fuCgeSjxAzM1RiN5IzvadIXTVefuuwZCRg=="
    },
    "waait": {
      "version": "1.0.5",
      "resolved": "https://registry.npmjs.org/waait/-/waait-1.0.5.tgz",
      "integrity": "sha512-wp+unA4CpqxvBUKHHv8D86fK4jWByHAWyhEXXVHfVUZfK+16ylpj7hjQ58Z8j9ntu8XNukRQT8Fi5qbyJ8rkyw==",
      "dev": true
    }
  }
}
